
Microsoft Visual Studio Solution File, Format Version 12.00
# Visual Studio 15
VisualStudioVersion = 15.0.27703.2018
MinimumVisualStudioVersion = 10.0.40219.1
Project("{FAE04EC0-301F-11D3-BF4B-00C04F79EFBC}") = "SimpleCrudServer", "SimpleCrudServer\SimpleCrudServer.csproj", "{7D43838E-26AA-4B67-8811-0FF5ED70C3ED}"
EndProject
Global
	GlobalSection(SolutionConfigurationPlatforms) = preSolution
		Debug|Any CPU = Debug|Any CPU
		Release|Any CPU = Release|Any CPU
	EndGlobalSection
	GlobalSection(ProjectConfigurationPlatforms) = postSolution
		{7D43838E-26AA-4B67-8811-0FF5ED70C3ED}.Debug|Any CPU.ActiveCfg = Debug|Any CPU
		{7D43838E-26AA-4B67-8811-0FF5ED70C3ED}.Debug|Any CPU.Build.0 = Debug|Any CPU
		{7D43838E-26AA-4B67-8811-0FF5ED70C3ED}.Release|Any CPU.ActiveCfg = Release|Any CPU
		{7D43838E-26AA-4B67-8811-0FF5ED70C3ED}.Release|Any CPU.Build.0 = Release|Any CPU
	EndGlobalSection
	GlobalSection(SolutionProperties) = preSolution
		HideSolutionNode = FALSE
	EndGlobalSection
	GlobalSection(ExtensibilityGlobals) = postSolution
		SolutionGuid = {238FC3FA-9BBF-4235-9CA4-D30EB819BE90}
	EndGlobalSection
EndGlobal
